
Microsoft Visual Studio Solution File, Format Version 12.00
# Visual Studio Version 17
VisualStudioVersion = 17.14.36401.2
MinimumVisualStudioVersion = 10.0.40219.1
Project("{9A19103F-16F7-4668-BE54-9A1E7A4F7556}") = "1.2", "1.2.csproj", "{91243F5A-C243-4E85-8189-462320A4ACD2}"
EndProject
Project("{9A19103F-16F7-4668-BE54-9A1E7A4F7556}") = "1.3", "1.3.csproj", "{91243F5A-C243-4E85-8189-462320A4ACD3}"
EndProject
Project("{9A19103F-16F7-4668-BE54-9A1E7A4F7556}") = "1.4", "1.4.csproj", "{91243F5A-C243-4E85-8189-462320A4ACD4}"
EndProject
Project("{9A19103F-16F7-4668-BE54-9A1E7A4F7556}") = "1.5", "1.5.csproj", "{91243F5A-C243-4E85-8189-462320A4ACD5}"
EndProject
Project("{9A19103F-16F7-4668-BE54-9A1E7A4F7556}") = "1.6", "1.6.csproj", "{91243F5A-C243-4E85-8189-462320A4ACD6}"
EndProject
Global
	GlobalSection(SolutionConfigurationPlatforms) = preSolution
		Debug|Any CPU = Debug|Any CPU
		Release|Any CPU = Release|Any CPU
	EndGlobalSection
	GlobalSection(ProjectConfigurationPlatforms) = postSolution
		{91243F5A-C243-4E85-8189-462320A4ACD2}.Debug|Any CPU.ActiveCfg = Debug|Any CPU
		{91243F5A-C243-4E85-8189-462320A4ACD2}.Debug|Any CPU.Build.0 = Debug|Any CPU
		{91243F5A-C243-4E85-8189-462320A4ACD2}.Release|Any CPU.ActiveCfg = Release|Any CPU
		{91243F5A-C243-4E85-8189-462320A4ACD2}.Release|Any CPU.Build.0 = Release|Any CPU
		{91243F5A-C243-4E85-8189-462320A4ACD3}.Debug|Any CPU.ActiveCfg = Debug|Any CPU
		{91243F5A-C243-4E85-8189-462320A4ACD3}.Debug|Any CPU.Build.0 = Debug|Any CPU
		{91243F5A-C243-4E85-8189-462320A4ACD3}.Release|Any CPU.ActiveCfg = Release|Any CPU
		{91243F5A-C243-4E85-8189-462320A4ACD3}.Release|Any CPU.Build.0 = Release|Any CPU
		{91243F5A-C243-4E85-8189-462320A4ACD4}.Debug|Any CPU.ActiveCfg = Debug|Any CPU
		{91243F5A-C243-4E85-8189-462320A4ACD4}.Debug|Any CPU.Build.0 = Debug|Any CPU
		{91243F5A-C243-4E85-8189-462320A4ACD4}.Release|Any CPU.ActiveCfg = Release|Any CPU
		{91243F5A-C243-4E85-8189-462320A4ACD4}.Release|Any CPU.Build.0 = Release|Any CPU
		{91243F5A-C243-4E85-8189-462320A4ACD5}.Debug|Any CPU.ActiveCfg = Debug|Any CPU
		{91243F5A-C243-4E85-8189-462320A4ACD5}.Debug|Any CPU.Build.0 = Debug|Any CPU
		{91243F5A-C243-4E85-8189-462320A4ACD5}.Release|Any CPU.ActiveCfg = Release|Any CPU
		{91243F5A-C243-4E85-8189-462320A4ACD5}.Release|Any CPU.Build.0 = Release|Any CPU
		{91243F5A-C243-4E85-8189-462320A4ACD6}.Debug|Any CPU.ActiveCfg = Debug|Any CPU
		{91243F5A-C243-4E85-8189-462320A4ACD6}.Debug|Any CPU.Build.0 = Debug|Any CPU
		{91243F5A-C243-4E85-8189-462320A4ACD6}.Release|Any CPU.ActiveCfg = Release|Any CPU
		{91243F5A-C243-4E85-8189-462320A4ACD6}.Release|Any CPU.Build.0 = Release|Any CPU
	EndGlobalSection
	GlobalSection(SolutionProperties) = preSolution
		HideSolutionNode = FALSE
	EndGlobalSection
EndGlobal
